// !$*UTF8*$!
{
	archiveVersion = 1;
	classes = {
	};
	objectVersion = 46;
	objects = {

/* Begin PBXBuildFile section */
		86E129C51C5EC13D0058997A /* AppDelegate.swift in Sources */ = {isa = PBXBuildFile; fileRef = 86E129C41C5EC13D0058997A /* AppDelegate.swift */; };
		86E129C71C5EC13D0058997A /* ViewController.swift in Sources */ = {isa = PBXBuildFile; fileRef = 86E129C61C5EC13D0058997A /* ViewController.swift */; };
		86E129CA1C5EC13D0058997A /* Main.storyboard in Resources */ = {isa = PBXBuildFile; fileRef = 86E129C81C5EC13D0058997A /* Main.storyboard */; };
		86E129CC1C5EC13D0058997A /* Assets.xcassets in Resources */ = {isa = PBXBuildFile; fileRef = 86E129CB1C5EC13D0058997A /* Assets.xcassets */; };
		86E129CF1C5EC13D0058997A /* LaunchScreen.storyboard in Resources */ = {isa = PBXBuildFile; fileRef = 86E129CD1C5EC13D0058997A /* LaunchScreen.storyboard */; };
/* End PBXBuildFile section */

/* Begin PBXFileReference section */
		86E129C11C5EC13D0058997A /* Wikipedia Path.app */ = {isa = PBXFileReference; explicitFileType = wrapper.application; includeInIndex = 0; path = "Wikipedia Path.app"; sourceTree = BUILT_PRODUCTS_DIR; };
		86E129C41C5EC13D0058997A /* AppDelegate.swift */ = {isa = PBXFileReference; lastKnownFileType = sourcecode.swift; path = AppDelegate.swift; sourceTree = "<group>"; };
		86E129C61C5EC13D0058997A /* ViewController.swift */ = {isa = PBXFileReference; lastKnownFileType = sourcecode.swift; path = ViewController.swift; sourceTree = "<group>"; };
		86E129C91C5EC13D0058997A /* Base */ = {isa = PBXFileReference; lastKnownFileType = file.storyboard; name = Base; path = Base.lproj/Main.storyboard; sourceTree = "<group>"; };
		86E129CB1C5EC13D0058997A /* Assets.xcassets */ = {isa = PBXFileReference; lastKnownFileType = folder.assetcatalog; path = Assets.xcassets; sourceTree = "<group>"; };
		86E129CE1C5EC13D0058997A /* Base */ = {isa = PBXFileReference; lastKnownFileType = file.storyboard; name = Base; path = Base.lproj/LaunchScreen.storyboard; sourceTree = "<group>"; };
		86E129D01C5EC13D0058997A /* Info.plist */ = {isa = PBXFileReference; lastKnownFileType = text.plist.xml; path = Info.plist; sourceTree = "<group>"; };
/* End PBXFileReference section */

/* Begin PBXFrameworksBuildPhase section */
		86E129BE1C5EC13D0058997A /* Frameworks */ = {
			isa = PBXFrameworksBuildPhase;
			buildActionMask = 2147483647;
			files = (
			);
			runOnlyForDeploymentPostprocessing = 0;
		};
/* End PBXFrameworksBuildPhase section */

/* Begin PBXGroup section */
		86E129B81C5EC13D0058997A = {
			isa = PBXGroup;
			children = (
				86E129C31C5EC13D0058997A /* Wikipedia Path */,
				86E129C21C5EC13D0058997A /* Products */,
			);
			sourceTree = "<group>";
		};
		86E129C21C5EC13D0058997A /* Products */ = {
			isa = PBXGroup;
			children = (
				86E129C11C5EC13D0058997A /* Wikipedia Path.app */,
			);
			name = Products;
			sourceTree = "<group>";
		};
		86E129C31C5EC13D0058997A /* Wikipedia Path */ = {
			isa = PBXGroup;
			children = (
				86E129C41C5EC13D0058997A /* AppDelegate.swift */,
				86E129C61C5EC13D0058997A /* ViewController.swift */,
				86E129C81C5EC13D0058997A /* Main.storyboard */,
				86E129CB1C5EC13D0058997A /* Assets.xcassets */,
				86E129CD1C5EC13D0058997A /* LaunchScreen.storyboard */,
				86E129D01C5EC13D0058997A /* Info.plist */,
			);
			path = "Wikipedia Path";
			sourceTree = "<group>";
		};
/* End PBXGroup section */

/* Begin PBXNativeTarget section */
		86E129C01C5EC13D0058997A /* Wikipedia Path */ = {
			isa = PBXNativeTarget;
			buildConfigurationList = 86E129D31C5EC13D0058997A /* Build configuration list for PBXNativeTarget "Wikipedia Path" */;
			buildPhases = (
				86E129BD1C5EC13D0058997A /* Sources */,
				86E129BE1C5EC13D0058997A /* Frameworks */,
				86E129BF1C5EC13D0058997A /* Resources */,
			);
			buildRules = (
			);
			dependencies = (
			);
			name = "Wikipedia Path";
			productName = "Wikipedia Path";
			productReference = 86E129C11C5EC13D0058997A /* Wikipedia Path.app */;
			productType = "com.apple.product-type.application";
		};
/* End PBXNativeTarget section */

/* Begin PBXProject section */
		86E129B91C5EC13D0058997A /* Project object */ = {
			isa = PBXProject;
			attributes = {
				LastSwiftUpdateCheck = 0710;
				LastUpgradeCheck = 0710;
				ORGANIZATIONNAME = "Frederik Roenn";
				TargetAttributes = {
					86E129C01C5EC13D0058997A = {
						CreatedOnToolsVersion = 7.1.1;
					};
				};
			};
			buildConfigurationList = 86E129BC1C5EC13D0058997A /* Build configuration list for PBXProject "Wikipedia Path" */;
			compatibilityVersion = "Xcode 3.2";
			developmentRegion = English;
			hasScannedForEncodings = 0;
			knownRegions = (
				en,
				Base,
			);
			mainGroup = 86E129B81C5EC13D0058997A;
			productRefGroup = 86E129C21C5EC13D0058997A /* Products */;
			projectDirPath = "";
			projectRoot = "";
			targets = (
				86E129C01C5EC13D0058997A /* Wikipedia Path */,
			);
		};
/* End PBXProject section */

/* Begin PBXResourcesBuildPhase section */
		86E129BF1C5EC13D0058997A /* Resources */ = {
			isa = PBXResourcesBuildPhase;
			buildActionMask = 2147483647;
			files = (
				86E129CF1C5EC13D0058997A /* LaunchScreen.storyboard in Resources */,
				86E129CC1C5EC13D0058997A /* Assets.xcassets in Resources */,
				86E129CA1C5EC13D0058997A /* Main.storyboard in Resources */,
			);
			runOnlyForDeploymentPostprocessing = 0;
		};
/* End PBXResourcesBuildPhase section */

/* Begin PBXSourcesBuildPhase section */
		86E129BD1C5EC13D0058997A /* Sources */ = {
			isa = PBXSourcesBuildPhase;
			buildActionMask = 2147483647;
			files = (
				86E129C71C5EC13D0058997A /* ViewController.swift in Sources */,
				86E129C51C5EC13D0058997A /* AppDelegate.swift in Sources */,
			);
			runOnlyForDeploymentPostprocessing = 0;
		};
/* End PBXSourcesBuildPhase section */

/* Begin PBXVariantGroup section */
		86E129C81C5EC13D0058997A /* Main.storyboard */ = {
			isa = PBXVariantGroup;
			children = (
				86E129C91C5EC13D0058997A /* Base */,
			);
			name = Main.storyboard;
			sourceTree = "<group>";
		};
		86E129CD1C5EC13D0058997A /* LaunchScreen.storyboard */ = {
			isa = PBXVariantGroup;
			children = (
				86E129CE1C5EC13D0058997A /* Base */,
			);
			name = LaunchScreen.storyboard;
			sourceTree = "<group>";
		};
/* End PBXVariantGroup section */

/* Begin XCBuildConfiguration section */
		86E129D11C5EC13D0058997A /* Debug */ = {
			isa = XCBuildConfiguration;
			buildSettings = {
				ALWAYS_SEARCH_USER_PATHS = NO;
				CLANG_CXX_LANGUAGE_STANDARD = "gnu++0x";
				CLANG_CXX_LIBRARY = "libc++";
				CLANG_ENABLE_MODULES = YES;
				CLANG_ENABLE_OBJC_ARC = YES;
				CLANG_WARN_BOOL_CONVERSION = YES;
				CLANG_WARN_CONSTANT_CONVERSION = YES;
				CLANG_WARN_DIRECT_OBJC_ISA_USAGE = YES_ERROR;
				CLANG_WARN_EMPTY_BODY = YES;
				CLANG_WARN_ENUM_CONVERSION = YES;
				CLANG_WARN_INT_CONVERSION = YES;
				CLANG_WARN_OBJC_ROOT_CLASS = YES_ERROR;
				CLANG_WARN_UNREACHABLE_CODE = YES;
				CLANG_WARN__DUPLICATE_METHOD_MATCH = YES;
				"CODE_SIGN_IDENTITY[sdk=iphoneos*]" = "iPhone Developer";
				COPY_PHASE_STRIP = NO;
				DEBUG_INFORMATION_FORMAT = dwarf;
				ENABLE_STRICT_OBJC_MSGSEND = YES;
				ENABLE_TESTABILITY = YES;
				GCC_C_LANGUAGE_STANDARD = gnu99;
				GCC_DYNAMIC_NO_PIC = NO;
				GCC_NO_COMMON_BLOCKS = YES;
				GCC_OPTIMIZATION_LEVEL = 0;
				GCC_PREPROCESSOR_DEFINITIONS = (
					"DEBUG=1",
					"$(inherited)",
				);
				GCC_WARN_64_TO_32_BIT_CONVERSION = YES;
				GCC_WARN_ABOUT_RETURN_TYPE = YES_ERROR;
				GCC_WARN_UNDECLARED_SELECTOR = YES;
				GCC_WARN_UNINITIALIZED_AUTOS = YES_AGGRESSIVE;
				GCC_WARN_UNUSED_FUNCTION = YES;
				GCC_WARN_UNUSED_VARIABLE = YES;
				IPHONEOS_DEPLOYMENT_TARGET = 9.1;
				MTL_ENABLE_DEBUG_INFO = YES;
				ONLY_ACTIVE_ARCH = YES;
				SDKROOT = iphoneos;
				SWIFT_OPTIMIZATION_LEVEL = "-Onone";
			};
			name = Debug;
		};
		86E129D21C5EC13D0058997A /* Release */ = {
			isa = XCBuildConfiguration;
			buildSettings = {
				ALWAYS_SEARCH_USER_PATHS = NO;
				CLANG_CXX_LANGUAGE_STANDARD = "gnu++0x";
				CLANG_CXX_LIBRARY = "libc++";
				CLANG_ENABLE_MODULES = YES;
				CLANG_ENABLE_OBJC_ARC = YES;
				CLANG_WARN_BOOL_CONVERSION = YES;
				CLANG_WARN_CONSTANT_CONVERSION = YES;
				CLANG_WARN_DIRECT_OBJC_ISA_USAGE = YES_ERROR;
				CLANG_WARN_EMPTY_BODY = YES;
				CLANG_WARN_ENUM_CONVERSION = YES;
				CLANG_WARN_INT_CONVERSION = YES;
				CLANG_WARN_OBJC_ROOT_CLASS = YES_ERROR;
				CLANG_WARN_UNREACHABLE_CODE = YES;
				CLANG_WARN__DUPLICATE_METHOD_MATCH = YES;
				"CODE_SIGN_IDENTITY[sdk=iphoneos*]" = "iPhone Developer";
				COPY_PHASE_STRIP = NO;
				DEBUG_INFORMATION_FORMAT = "dwarf-with-dsym";
				ENABLE_NS_ASSERTIONS = NO;
				ENABLE_STRICT_OBJC_MSGSEND = YES;
				GCC_C_LANGUAGE_STANDARD = gnu99;
				GCC_NO_COMMON_BLOCKS = YES;
				GCC_WARN_64_TO_32_BIT_CONVERSION = YES;
				GCC_WARN_ABOUT_RETURN_TYPE = YES_ERROR;
				GCC_WARN_UNDECLARED_SELECTOR = YES;
				GCC_WARN_UNINITIALIZED_AUTOS = YES_AGGRESSIVE;
				GCC_WARN_UNUSED_FUNCTION = YES;
				GCC_WARN_UNUSED_VARIABLE = YES;
				IPHONEOS_DEPLOYMENT_TARGET = 9.1;
				MTL_ENABLE_DEBUG_INFO = NO;
				SDKROOT = iphoneos;
				VALIDATE_PRODUCT = YES;
			};
			name = Release;
		};
		86E129D41C5EC13D0058997A /* Debug */ = {
			isa = XCBuildConfiguration;
			buildSettings = {
				ASSETCATALOG_COMPILER_APPICON_NAME = AppIcon;
				INFOPLIST_FILE = "Wikipedia Path/Info.plist";
				LD_RUNPATH_SEARCH_PATHS = "$(inherited) @executable_path/Frameworks";
				PRODUCT_BUNDLE_IDENTIFIER = "com.froenn.Wikipedia-Path";
				PRODUCT_NAME = "$(TARGET_NAME)";
			};
			name = Debug;
		};
		86E129D51C5EC13D0058997A /* Release */ = {
			isa = XCBuildConfiguration;
			buildSettings = {
				ASSETCATALOG_COMPILER_APPICON_NAME = AppIcon;
				INFOPLIST_FILE = "Wikipedia Path/Info.plist";
				LD_RUNPATH_SEARCH_PATHS = "$(inherited) @executable_path/Frameworks";
				PRODUCT_BUNDLE_IDENTIFIER = "com.froenn.Wikipedia-Path";
				PRODUCT_NAME = "$(TARGET_NAME)";
			};
			name = Release;
		};
/* End XCBuildConfiguration section */

/* Begin XCConfigurationList section */
		86E129BC1C5EC13D0058997A /* Build configuration list for PBXProject "Wikipedia Path" */ = {
			isa = XCConfigurationList;
			buildConfigurations = (
				86E129D11C5EC13D0058997A /* Debug */,
				86E129D21C5EC13D0058997A /* Release */,
			);
			defaultConfigurationIsVisible = 0;
			defaultConfigurationName = Release;
		};
		86E129D31C5EC13D0058997A /* Build configuration list for PBXNativeTarget "Wikipedia Path" */ = {
			isa = XCConfigurationList;
			buildConfigurations = (
				86E129D41C5EC13D0058997A /* Debug */,
				86E129D51C5EC13D0058997A /* Release */,
			);
			defaultConfigurationIsVisible = 0;
		};
/* End XCConfigurationList section */
	};
	rootObject = 86E129B91C5EC13D0058997A /* Project object */;
}
